Microsoft Visual Studio Solution File, Format Version 12.00
# Visual Studio Version 17
VisualStudioVersion = 17.5.2.0
MinimumVisualStudioVersion = 10.0.40219.1
Project("{FAE04EC0-301F-11D3-BF4B-00C04F79EFBC}") = "Lettuce.Log.Console", "Lettuce.Log.Console\Lettuce.Log.Console.csproj", "{15DEB9E1-9B60-DAF7-6B8B-5A9288B51A40}"
EndProject
Global
	GlobalSection(SolutionConfigurationPlatforms) = preSolution
		Debug|Any CPU = Debug|Any CPU
		Release|Any CPU = Release|Any CPU
	EndGlobalSection
	GlobalSection(ProjectConfigurationPlatforms) = postSolution
		{15DEB9E1-9B60-DAF7-6B8B-5A9288B51A40}.Debug|Any CPU.ActiveCfg = Debug|Any CPU
		{15DEB9E1-9B60-DAF7-6B8B-5A9288B51A40}.Debug|Any CPU.Build.0 = Debug|Any CPU
		{15DEB9E1-9B60-DAF7-6B8B-5A9288B51A40}.Release|Any CPU.ActiveCfg = Release|Any CPU
		{15DEB9E1-9B60-DAF7-6B8B-5A9288B51A40}.Release|Any CPU.Build.0 = Release|Any CPU
	EndGlobalSection
	GlobalSection(SolutionProperties) = preSolution
		HideSolutionNode = FALSE
	EndGlobalSection
	GlobalSection(ExtensibilityGlobals) = postSolution
		SolutionGuid = {5A2D3F76-1BE8-4BC6-8DD1-60FE26C1B57E}
	EndGlobalSection
EndGlobal
